// !$*UTF8*$!
{
	archiveVersion = 1;
	classes = {
	};
	objectVersion = 46;
	objects = {

/* Begin PBXBuildFile section */
		3A904DF51B5DFD65009A7D8E /* main.m in Sources */ = {isa = PBXBuildFile; fileRef = 3A904DF41B5DFD65009A7D8E /* main.m */; };
		3A904DF81B5DFD65009A7D8E /* AppDelegate.m in Sources */ = {isa = PBXBuildFile; fileRef = 3A904DF71B5DFD65009A7D8E /* AppDelegate.m */; };
		3A904DFB1B5DFD65009A7D8E /* ViewController.m in Sources */ = {isa = PBXBuildFile; fileRef = 3A904DFA1B5DFD65009A7D8E /* ViewController.m */; };
		3A904DFE1B5DFD65009A7D8E /* Main.storyboard in Resources */ = {isa = PBXBuildFile; fileRef = 3A904DFC1B5DFD65009A7D8E /* Main.storyboard */; };
		3A904E001B5DFD65009A7D8E /* Images.xcassets in Resources */ = {isa = PBXBuildFile; fileRef = 3A904DFF1B5DFD65009A7D8E /* Images.xcassets */; };
		3A904E031B5DFD65009A7D8E /* LaunchScreen.xib in Resources */ = {isa = PBXBuildFile; fileRef = 3A904E011B5DFD65009A7D8E /* LaunchScreen.xib */; };
		3A904E0F1B5DFD65009A7D8E /* _____LabelTests.m in Sources */ = {isa = PBXBuildFile; fileRef = 3A904E0E1B5DFD65009A7D8E /* _____LabelTests.m */; };
		3A904E1A1B5E1C79009A7D8E /* UILabel+Extension.m in Sources */ = {isa = PBXBuildFile; fileRef = 3A904E191B5E1C79009A7D8E /* UILabel+Extension.m */; };
/* End PBXBuildFile section */

/* Begin PBXContainerItemProxy section */
		3A904E091B5DFD65009A7D8E /* PBXContainerItemProxy */ = {
			isa = PBXContainerItemProxy;
			containerPortal = 3A904DE71B5DFD65009A7D8E /* Project object */;
			proxyType = 1;
			remoteGlobalIDString = 3A904DEE1B5DFD65009A7D8E;
			remoteInfo = "跑马灯效果Label";
		};
/* End PBXContainerItemProxy section */

/* Begin PBXFileReference section */
		3A904DEF1B5DFD65009A7D8E /* 跑马灯效果Label.app */ = {isa = PBXFileReference; explicitFileType = wrapper.application; includeInIndex = 0; path = "跑马灯效果Label.app"; sourceTree = BUILT_PRODUCTS_DIR; };
		3A904DF31B5DFD65009A7D8E /* Info.plist */ = {isa = PBXFileReference; lastKnownFileType = text.plist.xml; path = Info.plist; sourceTree = "<group>"; };
		3A904DF41B5DFD65009A7D8E /* main.m */ = {isa = PBXFileReference; lastKnownFileType = sourcecode.c.objc; path = main.m; sourceTree = "<group>"; };
		3A904DF61B5DFD65009A7D8E /* AppDelegate.h */ = {isa = PBXFileReference; lastKnownFileType = sourcecode.c.h; path = AppDelegate.h; sourceTree = "<group>"; };
		3A904DF71B5DFD65009A7D8E /* AppDelegate.m */ = {isa = PBXFileReference; lastKnownFileType = sourcecode.c.objc; path = AppDelegate.m; sourceTree = "<group>"; };
		3A904DF91B5DFD65009A7D8E /* ViewController.h */ = {isa = PBXFileReference; lastKnownFileType = sourcecode.c.h; path = ViewController.h; sourceTree = "<group>"; };
		3A904DFA1B5DFD65009A7D8E /* ViewController.m */ = {isa = PBXFileReference; lastKnownFileType = sourcecode.c.objc; path = ViewController.m; sourceTree = "<group>"; };
		3A904DFD1B5DFD65009A7D8E /* Base */ = {isa = PBXFileReference; lastKnownFileType = file.storyboard; name = Base; path = Base.lproj/Main.storyboard; sourceTree = "<group>"; };
		3A904DFF1B5DFD65009A7D8E /* Images.xcassets */ = {isa = PBXFileReference; lastKnownFileType = folder.assetcatalog; path = Images.xcassets; sourceTree = "<group>"; };
		3A904E021B5DFD65009A7D8E /* Base */ = {isa = PBXFileReference; lastKnownFileType = file.xib; name = Base; path = Base.lproj/LaunchScreen.xib; sourceTree = "<group>"; };
		3A904E081B5DFD65009A7D8E /* 跑马灯效果LabelTests.xctest */ = {isa = PBXFileReference; explicitFileType = wrapper.cfbundle; includeInIndex = 0; path = "跑马灯效果LabelTests.xctest"; sourceTree = BUILT_PRODUCTS_DIR; };
		3A904E0D1B5DFD65009A7D8E /* Info.plist */ = {isa = PBXFileReference; lastKnownFileType = text.plist.xml; path = Info.plist; sourceTree = "<group>"; };
		3A904E0E1B5DFD65009A7D8E /* _____LabelTests.m */ = {isa = PBXFileReference; lastKnownFileType = sourcecode.c.objc; path = "_____LabelTests.m"; sourceTree = "<group>"; };
		3A904E181B5E1C79009A7D8E /* UILabel+Extension.h */ = {isa = PBXFileReference; fileEncoding = 4; lastKnownFileType = sourcecode.c.h; path = "UILabel+Extension.h"; sourceTree = "<group>"; };
		3A904E191B5E1C79009A7D8E /* UILabel+Extension.m */ = {isa = PBXFileReference; fileEncoding = 4; lastKnownFileType = sourcecode.c.objc; path = "UILabel+Extension.m"; sourceTree = "<group>"; };
/* End PBXFileReference section */

/* Begin PBXFrameworksBuildPhase section */
		3A904DEC1B5DFD65009A7D8E /* Frameworks */ = {
			isa = PBXFrameworksBuildPhase;
			buildActionMask = 2147483647;
			files = (
			);
			runOnlyForDeploymentPostprocessing = 0;
		};
		3A904E051B5DFD65009A7D8E /* Frameworks */ = {
			isa = PBXFrameworksBuildPhase;
			buildActionMask = 2147483647;
			files = (
			);
			runOnlyForDeploymentPostprocessing = 0;
		};
/* End PBXFrameworksBuildPhase section */

/* Begin PBXGroup section */
		3A904DE61B5DFD65009A7D8E = {
			isa = PBXGroup;
			children = (
				3A904DF11B5DFD65009A7D8E /* 跑马灯效果Label */,
				3A904E0B1B5DFD65009A7D8E /* 跑马灯效果LabelTests */,
				3A904DF01B5DFD65009A7D8E /* Products */,
			);
			sourceTree = "<group>";
		};
		3A904DF01B5DFD65009A7D8E /* Products */ = {
			isa = PBXGroup;
			children = (
				3A904DEF1B5DFD65009A7D8E /* 跑马灯效果Label.app */,
				3A904E081B5DFD65009A7D8E /* 跑马灯效果LabelTests.xctest */,
			);
			name = Products;
			sourceTree = "<group>";
		};
		3A904DF11B5DFD65009A7D8E /* 跑马灯效果Label */ = {
			isa = PBXGroup;
			children = (
				3A904DF61B5DFD65009A7D8E /* AppDelegate.h */,
				3A904DF71B5DFD65009A7D8E /* AppDelegate.m */,
				3A904DF91B5DFD65009A7D8E /* ViewController.h */,
				3A904DFA1B5DFD65009A7D8E /* ViewController.m */,
				3A904E181B5E1C79009A7D8E /* UILabel+Extension.h */,
				3A904E191B5E1C79009A7D8E /* UILabel+Extension.m */,
				3A904DFC1B5DFD65009A7D8E /* Main.storyboard */,
				3A904DFF1B5DFD65009A7D8E /* Images.xcassets */,
				3A904E011B5DFD65009A7D8E /* LaunchScreen.xib */,
				3A904DF21B5DFD65009A7D8E /* Supporting Files */,
			);
			path = "跑马灯效果Label";
			sourceTree = "<group>";
		};
		3A904DF21B5DFD65009A7D8E /* Supporting Files */ = {
			isa = PBXGroup;
			children = (
				3A904DF31B5DFD65009A7D8E /* Info.plist */,
				3A904DF41B5DFD65009A7D8E /* main.m */,
			);
			name = "Supporting Files";
			sourceTree = "<group>";
		};
		3A904E0B1B5DFD65009A7D8E /* 跑马灯效果LabelTests */ = {
			isa = PBXGroup;
			children = (
				3A904E0E1B5DFD65009A7D8E /* _____LabelTests.m */,
				3A904E0C1B5DFD65009A7D8E /* Supporting Files */,
			);
			path = "跑马灯效果LabelTests";
			sourceTree = "<group>";
		};
		3A904E0C1B5DFD65009A7D8E /* Supporting Files */ = {
			isa = PBXGroup;
			children = (
				3A904E0D1B5DFD65009A7D8E /* Info.plist */,
			);
			name = "Supporting Files";
			sourceTree = "<group>";
		};
/* End PBXGroup section */

/* Begin PBXNativeTarget section */
		3A904DEE1B5DFD65009A7D8E /* 跑马灯效果Label */ = {
			isa = PBXNativeTarget;
			buildConfigurationList = 3A904E121B5DFD65009A7D8E /* Build configuration list for PBXNativeTarget "跑马灯效果Label" */;
			buildPhases = (
				3A904DEB1B5DFD65009A7D8E /* Sources */,
				3A904DEC1B5DFD65009A7D8E /* Frameworks */,
				3A904DED1B5DFD65009A7D8E /* Resources */,
			);
			buildRules = (
			);
			dependencies = (
			);
			name = "跑马灯效果Label";
			productName = "跑马灯效果Label";
			productReference = 3A904DEF1B5DFD65009A7D8E /* 跑马灯效果Label.app */;
			productType = "com.apple.product-type.application";
		};
		3A904E071B5DFD65009A7D8E /* 跑马灯效果LabelTests */ = {
			isa = PBXNativeTarget;
			buildConfigurationList = 3A904E151B5DFD65009A7D8E /* Build configuration list for PBXNativeTarget "跑马灯效果LabelTests" */;
			buildPhases = (
				3A904E041B5DFD65009A7D8E /* Sources */,
				3A904E051B5DFD65009A7D8E /* Frameworks */,
				3A904E061B5DFD65009A7D8E /* Resources */,
			);
			buildRules = (
			);
			dependencies = (
				3A904E0A1B5DFD65009A7D8E /* PBXTargetDependency */,
			);
			name = "跑马灯效果LabelTests";
			productName = "跑马灯效果LabelTests";
			productReference = 3A904E081B5DFD65009A7D8E /* 跑马灯效果LabelTests.xctest */;
			productType = "com.apple.product-type.bundle.unit-test";
		};
/* End PBXNativeTarget section */

/* Begin PBXProject section */
		3A904DE71B5DFD65009A7D8E /* Project object */ = {
			isa = PBXProject;
			attributes = {
				LastUpgradeCheck = 0630;
				ORGANIZATIONNAME = anton;
				TargetAttributes = {
					3A904DEE1B5DFD65009A7D8E = {
						CreatedOnToolsVersion = 6.3.1;
					};
					3A904E071B5DFD65009A7D8E = {
						CreatedOnToolsVersion = 6.3.1;
						TestTargetID = 3A904DEE1B5DFD65009A7D8E;
					};
				};
			};
			buildConfigurationList = 3A904DEA1B5DFD65009A7D8E /* Build configuration list for PBXProject "跑马灯效果Label" */;
			compatibilityVersion = "Xcode 3.2";
			developmentRegion = English;
			hasScannedForEncodings = 0;
			knownRegions = (
				en,
				Base,
			);
			mainGroup = 3A904DE61B5DFD65009A7D8E;
			productRefGroup = 3A904DF01B5DFD65009A7D8E /* Products */;
			projectDirPath = "";
			projectRoot = "";
			targets = (
				3A904DEE1B5DFD65009A7D8E /* 跑马灯效果Label */,
				3A904E071B5DFD65009A7D8E /* 跑马灯效果LabelTests */,
			);
		};
/* End PBXProject section */

/* Begin PBXResourcesBuildPhase section */
		3A904DED1B5DFD65009A7D8E /* Resources */ = {
			isa = PBXResourcesBuildPhase;
			buildActionMask = 2147483647;
			files = (
				3A904DFE1B5DFD65009A7D8E /* Main.storyboard in Resources */,
				3A904E031B5DFD65009A7D8E /* LaunchScreen.xib in Resources */,
				3A904E001B5DFD65009A7D8E /* Images.xcassets in Resources */,
			);
			runOnlyForDeploymentPostprocessing = 0;
		};
		3A904E061B5DFD65009A7D8E /* Resources */ = {
			isa = PBXResourcesBuildPhase;
			buildActionMask = 2147483647;
			files = (
			);
			runOnlyForDeploymentPostprocessing = 0;
		};
/* End PBXResourcesBuildPhase section */

/* Begin PBXSourcesBuildPhase section */
		3A904DEB1B5DFD65009A7D8E /* Sources */ = {
			isa = PBXSourcesBuildPhase;
			buildActionMask = 2147483647;
			files = (
				3A904E1A1B5E1C79009A7D8E /* UILabel+Extension.m in Sources */,
				3A904DFB1B5DFD65009A7D8E /* ViewController.m in Sources */,
				3A904DF81B5DFD65009A7D8E /* AppDelegate.m in Sources */,
				3A904DF51B5DFD65009A7D8E /* main.m in Sources */,
			);
			runOnlyForDeploymentPostprocessing = 0;
		};
		3A904E041B5DFD65009A7D8E /* Sources */ = {
			isa = PBXSourcesBuildPhase;
			buildActionMask = 2147483647;
			files = (
				3A904E0F1B5DFD65009A7D8E /* _____LabelTests.m in Sources */,
			);
			runOnlyForDeploymentPostprocessing = 0;
		};
/* End PBXSourcesBuildPhase section */

/* Begin PBXTargetDependency section */
		3A904E0A1B5DFD65009A7D8E /* PBXTargetDependency */ = {
			isa = PBXTargetDependency;
			target = 3A904DEE1B5DFD65009A7D8E /* 跑马灯效果Label */;
			targetProxy = 3A904E091B5DFD65009A7D8E /* PBXContainerItemProxy */;
		};
/* End PBXTargetDependency section */

/* Begin PBXVariantGroup section */
		3A904DFC1B5DFD65009A7D8E /* Main.storyboard */ = {
			isa = PBXVariantGroup;
			children = (
				3A904DFD1B5DFD65009A7D8E /* Base */,
			);
			name = Main.storyboard;
			sourceTree = "<group>";
		};
		3A904E011B5DFD65009A7D8E /* LaunchScreen.xib */ = {
			isa = PBXVariantGroup;
			children = (
				3A904E021B5DFD65009A7D8E /* Base */,
			);
			name = LaunchScreen.xib;
			sourceTree = "<group>";
		};
/* End PBXVariantGroup section */

/* Begin XCBuildConfiguration section */
		3A904E101B5DFD65009A7D8E /* Debug */ = {
			isa = XCBuildConfiguration;
			buildSettings = {
				ALWAYS_SEARCH_USER_PATHS = NO;
				CLANG_CXX_LANGUAGE_STANDARD = "gnu++0x";
				CLANG_CXX_LIBRARY = "libc++";
				CLANG_ENABLE_MODULES = YES;
				CLANG_ENABLE_OBJC_ARC = YES;
				CLANG_WARN_BOOL_CONVERSION = YES;
				CLANG_WARN_CONSTANT_CONVERSION = YES;
				CLANG_WARN_DIRECT_OBJC_ISA_USAGE = YES_ERROR;
				CLANG_WARN_EMPTY_BODY = YES;
				CLANG_WARN_ENUM_CONVERSION = YES;
				CLANG_WARN_INT_CONVERSION = YES;
				CLANG_WARN_OBJC_ROOT_CLASS = YES_ERROR;
				CLANG_WARN_UNREACHABLE_CODE = YES;
				CLANG_WARN__DUPLICATE_METHOD_MATCH = YES;
				"CODE_SIGN_IDENTITY[sdk=iphoneos*]" = "iPhone Developer";
				COPY_PHASE_STRIP = NO;
				DEBUG_INFORMATION_FORMAT = "dwarf-with-dsym";
				ENABLE_STRICT_OBJC_MSGSEND = YES;
				GCC_C_LANGUAGE_STANDARD = gnu99;
				GCC_DYNAMIC_NO_PIC = NO;
				GCC_NO_COMMON_BLOCKS = YES;
				GCC_OPTIMIZATION_LEVEL = 0;
				GCC_PREPROCESSOR_DEFINITIONS = (
					"DEBUG=1",
					"$(inherited)",
				);
				GCC_SYMBOLS_PRIVATE_EXTERN = NO;
				GCC_WARN_64_TO_32_BIT_CONVERSION = YES;
				GCC_WARN_ABOUT_RETURN_TYPE = YES_ERROR;
				GCC_WARN_UNDECLARED_SELECTOR = YES;
				GCC_WARN_UNINITIALIZED_AUTOS = YES_AGGRESSIVE;
				GCC_WARN_UNUSED_FUNCTION = YES;
				GCC_WARN_UNUSED_VARIABLE = YES;
				IPHONEOS_DEPLOYMENT_TARGET = 8.3;
				MTL_ENABLE_DEBUG_INFO = YES;
				ONLY_ACTIVE_ARCH = YES;
				SDKROOT = iphoneos;
			};
			name = Debug;
		};
		3A904E111B5DFD65009A7D8E /* Release */ = {
			isa = XCBuildConfiguration;
			buildSettings = {
				ALWAYS_SEARCH_USER_PATHS = NO;
				CLANG_CXX_LANGUAGE_STANDARD = "gnu++0x";
				CLANG_CXX_LIBRARY = "libc++";
				CLANG_ENABLE_MODULES = YES;
				CLANG_ENABLE_OBJC_ARC = YES;
				CLANG_WARN_BOOL_CONVERSION = YES;
				CLANG_WARN_CONSTANT_CONVERSION = YES;
				CLANG_WARN_DIRECT_OBJC_ISA_USAGE = YES_ERROR;
				CLANG_WARN_EMPTY_BODY = YES;
				CLANG_WARN_ENUM_CONVERSION = YES;
				CLANG_WARN_INT_CONVERSION = YES;
				CLANG_WARN_OBJC_ROOT_CLASS = YES_ERROR;
				CLANG_WARN_UNREACHABLE_CODE = YES;
				CLANG_WARN__DUPLICATE_METHOD_MATCH = YES;
				"CODE_SIGN_IDENTITY[sdk=iphoneos*]" = "iPhone Developer";
				COPY_PHASE_STRIP = NO;
				DEBUG_INFORMATION_FORMAT = "dwarf-with-dsym";
				ENABLE_NS_ASSERTIONS = NO;
				ENABLE_STRICT_OBJC_MSGSEND = YES;
				GCC_C_LANGUAGE_STANDARD = gnu99;
				GCC_NO_COMMON_BLOCKS = YES;
				GCC_WARN_64_TO_32_BIT_CONVERSION = YES;
				GCC_WARN_ABOUT_RETURN_TYPE = YES_ERROR;
				GCC_WARN_UNDECLARED_SELECTOR = YES;
				GCC_WARN_UNINITIALIZED_AUTOS = YES_AGGRESSIVE;
				GCC_WARN_UNUSED_FUNCTION = YES;
				GCC_WARN_UNUSED_VARIABLE = YES;
				IPHONEOS_DEPLOYMENT_TARGET = 8.3;
				MTL_ENABLE_DEBUG_INFO = NO;
				SDKROOT = iphoneos;
				VALIDATE_PRODUCT = YES;
			};
			name = Release;
		};
		3A904E131B5DFD65009A7D8E /* Debug */ = {
			isa = XCBuildConfiguration;
			buildSettings = {
				ASSETCATALOG_COMPILER_APPICON_NAME = AppIcon;
				INFOPLIST_FILE = "跑马灯效果Label/Info.plist";
				LD_RUNPATH_SEARCH_PATHS = "$(inherited) @executable_path/Frameworks";
				PRODUCT_NAME = "$(TARGET_NAME)";
			};
			name = Debug;
		};
		3A904E141B5DFD65009A7D8E /* Release */ = {
			isa = XCBuildConfiguration;
			buildSettings = {
				ASSETCATALOG_COMPILER_APPICON_NAME = AppIcon;
				INFOPLIST_FILE = "跑马灯效果Label/Info.plist";
				LD_RUNPATH_SEARCH_PATHS = "$(inherited) @executable_path/Frameworks";
				PRODUCT_NAME = "$(TARGET_NAME)";
			};
			name = Release;
		};
		3A904E161B5DFD65009A7D8E /* Debug */ = {
			isa = XCBuildConfiguration;
			buildSettings = {
				BUNDLE_LOADER = "$(TEST_HOST)";
				FRAMEWORK_SEARCH_PATHS = (
					"$(SDKROOT)/Developer/Library/Frameworks",
					"$(inherited)",
				);
				GCC_PREPROCESSOR_DEFINITIONS = (
					"DEBUG=1",
					"$(inherited)",
				);
				INFOPLIST_FILE = "跑马灯效果LabelTests/Info.plist";
				LD_RUNPATH_SEARCH_PATHS = "$(inherited) @executable_path/Frameworks @loader_path/Frameworks";
				PRODUCT_NAME = "$(TARGET_NAME)";
				TEST_HOST = "$(BUILT_PRODUCTS_DIR)/跑马灯效果Label.app/跑马灯效果Label";
			};
			name = Debug;
		};
		3A904E171B5DFD65009A7D8E /* Release */ = {
			isa = XCBuildConfiguration;
			buildSettings = {
				BUNDLE_LOADER = "$(TEST_HOST)";
				FRAMEWORK_SEARCH_PATHS = (
					"$(SDKROOT)/Developer/Library/Frameworks",
					"$(inherited)",
				);
				INFOPLIST_FILE = "跑马灯效果LabelTests/Info.plist";
				LD_RUNPATH_SEARCH_PATHS = "$(inherited) @executable_path/Frameworks @loader_path/Frameworks";
				PRODUCT_NAME = "$(TARGET_NAME)";
				TEST_HOST = "$(BUILT_PRODUCTS_DIR)/跑马灯效果Label.app/跑马灯效果Label";
			};
			name = Release;
		};
/* End XCBuildConfiguration section */

/* Begin XCConfigurationList section */
		3A904DEA1B5DFD65009A7D8E /* Build configuration list for PBXProject "跑马灯效果Label" */ = {
			isa = XCConfigurationList;
			buildConfigurations = (
				3A904E101B5DFD65009A7D8E /* Debug */,
				3A904E111B5DFD65009A7D8E /* Release */,
			);
			defaultConfigurationIsVisible = 0;
			defaultConfigurationName = Release;
		};
		3A904E121B5DFD65009A7D8E /* Build configuration list for PBXNativeTarget "跑马灯效果Label" */ = {
			isa = XCConfigurationList;
			buildConfigurations = (
				3A904E131B5DFD65009A7D8E /* Debug */,
				3A904E141B5DFD65009A7D8E /* Release */,
			);
			defaultConfigurationIsVisible = 0;
		};
		3A904E151B5DFD65009A7D8E /* Build configuration list for PBXNativeTarget "跑马灯效果LabelTests" */ = {
			isa = XCConfigurationList;
			buildConfigurations = (
				3A904E161B5DFD65009A7D8E /* Debug */,
				3A904E171B5DFD65009A7D8E /* Release */,
			);
			defaultConfigurationIsVisible = 0;
		};
/* End XCConfigurationList section */
	};
	rootObject = 3A904DE71B5DFD65009A7D8E /* Project object */;
}
